
Microsoft Visual Studio Solution File, Format Version 12.00
# Visual Studio Version 17
VisualStudioVersion = 17.5.33516.290
MinimumVisualStudioVersion = 10.0.40219.1
Project("{FAE04EC0-301F-11D3-BF4B-00C04F79EFBC}") = "ClassWithNamespaceMover", "ClassWithNamespaceMover\ClassWithNamespaceMover.csproj", "{240A15F2-D265-4CE6-B4EC-643567BBF4E1}"
EndProject
Global
	GlobalSection(SolutionConfigurationPlatforms) = preSolution
		Debug|Any CPU = Debug|Any CPU
		Release|Any CPU = Release|Any CPU
	EndGlobalSection
	GlobalSection(ProjectConfigurationPlatforms) = postSolution
		{240A15F2-D265-4CE6-B4EC-643567BBF4E1}.Debug|Any CPU.ActiveCfg = Debug|Any CPU
		{240A15F2-D265-4CE6-B4EC-643567BBF4E1}.Debug|Any CPU.Build.0 = Debug|Any CPU
		{240A15F2-D265-4CE6-B4EC-643567BBF4E1}.Release|Any CPU.ActiveCfg = Release|Any CPU
		{240A15F2-D265-4CE6-B4EC-643567BBF4E1}.Release|Any CPU.Build.0 = Release|Any CPU
	EndGlobalSection
	GlobalSection(SolutionProperties) = preSolution
		HideSolutionNode = FALSE
	EndGlobalSection
	GlobalSection(ExtensibilityGlobals) = postSolution
		SolutionGuid = {A1F45B96-5B1F-4477-A0E0-E6327F073C2B}
	EndGlobalSection
EndGlobal
